{
  "version": 4,
  "terraform_version": "1.3.4",
  "serial": 28,
  "lineage": "370169ea-bf16-9079-c159-be48867cd778",
  "outputs": {
    "alias_name": {
      "value": "alias/spaceteams-project-staging-simple",
      "type": "string"
    },
    "key_arn": {
      "value": "arn:aws:kms:eu-central-1:363805217511:key/e0e4e9ee-195c-442a-9947-862d7bc7ebf4",
      "type": "string"
    }
  },
  "resources": [
    {
      "module": "module.kms_key",
      "mode": "managed",
      "type": "aws_kms_alias",
      "name": "this",
      "provider": "provider[\"registry.terraform.io/hashicorp/aws\"]",
      "instances": [
        {
          "index_key": 0,
          "schema_version": 0,
          "attributes": {
            "arn": "arn:aws:kms:eu-central-1:363805217511:alias/spaceteams-project-staging-simple",
            "id": "alias/spaceteams-project-staging-simple",
            "name": "alias/spaceteams-project-staging-simple",
            "name_prefix": "",
            "target_key_arn": "arn:aws:kms:eu-central-1:363805217511:key/e0e4e9ee-195c-442a-9947-862d7bc7ebf4",
            "target_key_id": "e0e4e9ee-195c-442a-9947-862d7bc7ebf4"
          },
          "sensitive_attributes": [],
          "private": "bnVsbA==",
          "dependencies": [
            "module.kms_key.aws_kms_key.this"
          ]
        }
      ]
    },
    {
      "module": "module.kms_key",
      "mode": "managed",
      "type": "aws_kms_key",
      "name": "this",
      "provider": "provider[\"registry.terraform.io/hashicorp/aws\"]",
      "instances": [
        {
          "index_key": 0,
          "schema_version": 0,
          "attributes": {
            "arn": "arn:aws:kms:eu-central-1:363805217511:key/e0e4e9ee-195c-442a-9947-862d7bc7ebf4",
            "bypass_policy_lockout_safety_check": false,
            "custom_key_store_id": "",
            "customer_master_key_spec": "SYMMETRIC_DEFAULT",
            "deletion_window_in_days": 7,
            "description": "spaceteams-project-staging-simple",
            "enable_key_rotation": true,
            "id": "e0e4e9ee-195c-442a-9947-862d7bc7ebf4",
            "is_enabled": true,
            "key_id": "e0e4e9ee-195c-442a-9947-862d7bc7ebf4",
            "key_usage": "ENCRYPT_DECRYPT",
            "multi_region": false,
            "policy": "{\"Id\":\"key-default-1\",\"Statement\":[{\"Action\":\"kms:*\",\"Effect\":\"Allow\",\"Principal\":{\"AWS\":\"arn:aws:iam::363805217511:root\"},\"Resource\":\"*\",\"Sid\":\"Enable IAM User Permissions\"}],\"Version\":\"2012-10-17\"}",
            "tags": {
              "Name": "simple",
              "Tag": "Value",
              "spaceteams/environment": "project",
              "spaceteams/full-label": "spaceteams-project-staging-simple",
              "spaceteams/namespace": "spaceteams",
              "spaceteams/stage": "staging"
            },
            "tags_all": {
              "Name": "simple",
              "Tag": "Value",
              "spaceteams/environment": "project",
              "spaceteams/full-label": "spaceteams-project-staging-simple",
              "spaceteams/namespace": "spaceteams",
              "spaceteams/stage": "staging"
            }
          },
          "sensitive_attributes": [],
          "private": "bnVsbA=="
        }
      ]
    }
  ],
  "check_results": null
}
